// !$*UTF8*$!
{
	archiveVersion = 1;
	classes = {
	};
	objectVersion = 55;
	objects = {

/* Begin PBXBuildFile section */
		EE8A5B22281407700011A1D8 /* PersonModel.swift in Sources */ = {isa = PBXBuildFile; fileRef = EE8A5B21281407700011A1D8 /* PersonModel.swift */; };
		EE8A5B2428140A2D0011A1D8 /* NetworkManager.swift in Sources */ = {isa = PBXBuildFile; fileRef = EE8A5B2328140A2D0011A1D8 /* NetworkManager.swift */; };
		EE8A5B2628140B6F0011A1D8 /* Constants.swift in Sources */ = {isa = PBXBuildFile; fileRef = EE8A5B2528140B6F0011A1D8 /* Constants.swift */; };
		EE9F40632810165800C749AD /* AppDelegate.swift in Sources */ = {isa = PBXBuildFile; fileRef = EE9F40622810165800C749AD /* AppDelegate.swift */; };
		EE9F40652810165800C749AD /* SceneDelegate.swift in Sources */ = {isa = PBXBuildFile; fileRef = EE9F40642810165800C749AD /* SceneDelegate.swift */; };
		EE9F40672810165800C749AD /* ViewController.swift in Sources */ = {isa = PBXBuildFile; fileRef = EE9F40662810165800C749AD /* ViewController.swift */; };
		EE9F406A2810165800C749AD /* Main.storyboard in Resources */ = {isa = PBXBuildFile; fileRef = EE9F40682810165800C749AD /* Main.storyboard */; };
		EE9F406C2810165B00C749AD /* Assets.xcassets in Resources */ = {isa = PBXBuildFile; fileRef = EE9F406B2810165B00C749AD /* Assets.xcassets */; };
		EE9F406F2810165B00C749AD /* LaunchScreen.storyboard in Resources */ = {isa = PBXBuildFile; fileRef = EE9F406D2810165B00C749AD /* LaunchScreen.storyboard */; };
		EE9F40842811896F00C749AD /* ContactCell.swift in Sources */ = {isa = PBXBuildFile; fileRef = EE9F40822811896F00C749AD /* ContactCell.swift */; };
		EE9F40852811896F00C749AD /* ContactCell.xib in Resources */ = {isa = PBXBuildFile; fileRef = EE9F40832811896F00C749AD /* ContactCell.xib */; };
		EE9F40872812896500C749AD /* DetailsViewController.swift in Sources */ = {isa = PBXBuildFile; fileRef = EE9F40862812896400C749AD /* DetailsViewController.swift */; };
		EEE5EA69281688B30091F119 /* DataProvider.swift in Sources */ = {isa = PBXBuildFile; fileRef = EEE5EA68281688B30091F119 /* DataProvider.swift */; };
		EEE5EA732816A6920091F119 /* DataStateService.swift in Sources */ = {isa = PBXBuildFile; fileRef = EEE5EA722816A6910091F119 /* DataStateService.swift */; };
		EEE5EA802816D75B0091F119 /* GRDB in Frameworks */ = {isa = PBXBuildFile; productRef = EEE5EA7F2816D75B0091F119 /* GRDB */; };
		EEE5EA822816D7B20091F119 /* DatabaseManager.swift in Sources */ = {isa = PBXBuildFile; fileRef = EEE5EA812816D7B20091F119 /* DatabaseManager.swift */; };
/* End PBXBuildFile section */

/* Begin PBXFileReference section */
		EE8A5B21281407700011A1D8 /* PersonModel.swift */ = {isa = PBXFileReference; lastKnownFileType = sourcecode.swift; path = PersonModel.swift; sourceTree = "<group>"; };
		EE8A5B2328140A2D0011A1D8 /* NetworkManager.swift */ = {isa = PBXFileReference; lastKnownFileType = sourcecode.swift; path = NetworkManager.swift; sourceTree = "<group>"; };
		EE8A5B2528140B6F0011A1D8 /* Constants.swift */ = {isa = PBXFileReference; lastKnownFileType = sourcecode.swift; path = Constants.swift; sourceTree = "<group>"; };
		EE9F405F2810165800C749AD /* PhoneBook.app */ = {isa = PBXFileReference; explicitFileType = wrapper.application; includeInIndex = 0; path = PhoneBook.app; sourceTree = BUILT_PRODUCTS_DIR; };
		EE9F40622810165800C749AD /* AppDelegate.swift */ = {isa = PBXFileReference; lastKnownFileType = sourcecode.swift; path = AppDelegate.swift; sourceTree = "<group>"; };
		EE9F40642810165800C749AD /* SceneDelegate.swift */ = {isa = PBXFileReference; lastKnownFileType = sourcecode.swift; path = SceneDelegate.swift; sourceTree = "<group>"; };
		EE9F40662810165800C749AD /* ViewController.swift */ = {isa = PBXFileReference; lastKnownFileType = sourcecode.swift; path = ViewController.swift; sourceTree = "<group>"; };
		EE9F40692810165800C749AD /* Base */ = {isa = PBXFileReference; lastKnownFileType = file.storyboard; name = Base; path = Base.lproj/Main.storyboard; sourceTree = "<group>"; };
		EE9F406B2810165B00C749AD /* Assets.xcassets */ = {isa = PBXFileReference; lastKnownFileType = folder.assetcatalog; path = Assets.xcassets; sourceTree = "<group>"; };
		EE9F406E2810165B00C749AD /* Base */ = {isa = PBXFileReference; lastKnownFileType = file.storyboard; name = Base; path = Base.lproj/LaunchScreen.storyboard; sourceTree = "<group>"; };
		EE9F40702810165B00C749AD /* Info.plist */ = {isa = PBXFileReference; lastKnownFileType = text.plist.xml; path = Info.plist; sourceTree = "<group>"; };
		EE9F40822811896F00C749AD /* ContactCell.swift */ = {isa = PBXFileReference; lastKnownFileType = sourcecode.swift; path = ContactCell.swift; sourceTree = "<group>"; };
		EE9F40832811896F00C749AD /* ContactCell.xib */ = {isa = PBXFileReference; lastKnownFileType = file.xib; path = ContactCell.xib; sourceTree = "<group>"; };
		EE9F40862812896400C749AD /* DetailsViewController.swift */ = {isa = PBXFileReference; lastKnownFileType = sourcecode.swift; path = DetailsViewController.swift; sourceTree = "<group>"; };
		EEE5EA68281688B30091F119 /* DataProvider.swift */ = {isa = PBXFileReference; lastKnownFileType = sourcecode.swift; path = DataProvider.swift; sourceTree = "<group>"; };
		EEE5EA722816A6910091F119 /* DataStateService.swift */ = {isa = PBXFileReference; lastKnownFileType = sourcecode.swift; path = DataStateService.swift; sourceTree = "<group>"; };
		EEE5EA812816D7B20091F119 /* DatabaseManager.swift */ = {isa = PBXFileReference; lastKnownFileType = sourcecode.swift; path = DatabaseManager.swift; sourceTree = "<group>"; };
/* End PBXFileReference section */

/* Begin PBXFrameworksBuildPhase section */
		EE9F405C2810165800C749AD /* Frameworks */ = {
			isa = PBXFrameworksBuildPhase;
			buildActionMask = 2147483647;
			files = (
				EEE5EA802816D75B0091F119 /* GRDB in Frameworks */,
			);
			runOnlyForDeploymentPostprocessing = 0;
		};
/* End PBXFrameworksBuildPhase section */

/* Begin PBXGroup section */
		EE9F40562810165800C749AD = {
			isa = PBXGroup;
			children = (
				EE9F40612810165800C749AD /* PhoneBook */,
				EE9F40602810165800C749AD /* Products */,
			);
			sourceTree = "<group>";
		};
		EE9F40602810165800C749AD /* Products */ = {
			isa = PBXGroup;
			children = (
				EE9F405F2810165800C749AD /* PhoneBook.app */,
			);
			name = Products;
			sourceTree = "<group>";
		};
		EE9F40612810165800C749AD /* PhoneBook */ = {
			isa = PBXGroup;
			children = (
				EEE5EA5F2815883E0091F119 /* Network */,
				EE9F40622810165800C749AD /* AppDelegate.swift */,
				EE9F40642810165800C749AD /* SceneDelegate.swift */,
				EE9F40662810165800C749AD /* ViewController.swift */,
				EE9F40682810165800C749AD /* Main.storyboard */,
				EE9F406B2810165B00C749AD /* Assets.xcassets */,
				EE9F406D2810165B00C749AD /* LaunchScreen.storyboard */,
				EE9F40702810165B00C749AD /* Info.plist */,
				EE9F40822811896F00C749AD /* ContactCell.swift */,
				EE9F40832811896F00C749AD /* ContactCell.xib */,
				EE9F40862812896400C749AD /* DetailsViewController.swift */,
				EE8A5B21281407700011A1D8 /* PersonModel.swift */,
				EE8A5B2528140B6F0011A1D8 /* Constants.swift */,
				EEE5EA68281688B30091F119 /* DataProvider.swift */,
				EEE5EA722816A6910091F119 /* DataStateService.swift */,
				EEE5EA812816D7B20091F119 /* DatabaseManager.swift */,
			);
			path = PhoneBook;
			sourceTree = "<group>";
		};
		EEE5EA5F2815883E0091F119 /* Network */ = {
			isa = PBXGroup;
			children = (
				EE8A5B2328140A2D0011A1D8 /* NetworkManager.swift */,
			);
			path = Network;
			sourceTree = "<group>";
		};
/* End PBXGroup section */

/* Begin PBXNativeTarget section */
		EE9F405E2810165800C749AD /* PhoneBook */ = {
			isa = PBXNativeTarget;
			buildConfigurationList = EE9F40732810165B00C749AD /* Build configuration list for PBXNativeTarget "PhoneBook" */;
			buildPhases = (
				EE9F405B2810165800C749AD /* Sources */,
				EE9F405C2810165800C749AD /* Frameworks */,
				EE9F405D2810165800C749AD /* Resources */,
			);
			buildRules = (
			);
			dependencies = (
			);
			name = PhoneBook;
			packageProductDependencies = (
				EEE5EA7F2816D75B0091F119 /* GRDB */,
			);
			productName = PhoneBook;
			productReference = EE9F405F2810165800C749AD /* PhoneBook.app */;
			productType = "com.apple.product-type.application";
		};
/* End PBXNativeTarget section */

/* Begin PBXProject section */
		EE9F40572810165800C749AD /* Project object */ = {
			isa = PBXProject;
			attributes = {
				BuildIndependentTargetsInParallel = 1;
				LastSwiftUpdateCheck = 1330;
				LastUpgradeCheck = 1330;
				TargetAttributes = {
					EE9F405E2810165800C749AD = {
						CreatedOnToolsVersion = 13.3;
					};
				};
			};
			buildConfigurationList = EE9F405A2810165800C749AD /* Build configuration list for PBXProject "PhoneBook" */;
			compatibilityVersion = "Xcode 13.0";
			developmentRegion = en;
			hasScannedForEncodings = 0;
			knownRegions = (
				en,
				Base,
			);
			mainGroup = EE9F40562810165800C749AD;
			packageReferences = (
				EEE5EA7E2816D75A0091F119 /* XCRemoteSwiftPackageReference "GRDB.swift" */,
			);
			productRefGroup = EE9F40602810165800C749AD /* Products */;
			projectDirPath = "";
			projectRoot = "";
			targets = (
				EE9F405E2810165800C749AD /* PhoneBook */,
			);
		};
/* End PBXProject section */

/* Begin PBXResourcesBuildPhase section */
		EE9F405D2810165800C749AD /* Resources */ = {
			isa = PBXResourcesBuildPhase;
			buildActionMask = 2147483647;
			files = (
				EE9F40852811896F00C749AD /* ContactCell.xib in Resources */,
				EE9F406F2810165B00C749AD /* LaunchScreen.storyboard in Resources */,
				EE9F406C2810165B00C749AD /* Assets.xcassets in Resources */,
				EE9F406A2810165800C749AD /* Main.storyboard in Resources */,
			);
			runOnlyForDeploymentPostprocessing = 0;
		};
/* End PBXResourcesBuildPhase section */

/* Begin PBXSourcesBuildPhase section */
		EE9F405B2810165800C749AD /* Sources */ = {
			isa = PBXSourcesBuildPhase;
			buildActionMask = 2147483647;
			files = (
				EE8A5B22281407700011A1D8 /* PersonModel.swift in Sources */,
				EEE5EA822816D7B20091F119 /* DatabaseManager.swift in Sources */,
				EE9F40842811896F00C749AD /* ContactCell.swift in Sources */,
				EE9F40672810165800C749AD /* ViewController.swift in Sources */,
				EE8A5B2428140A2D0011A1D8 /* NetworkManager.swift in Sources */,
				EE9F40632810165800C749AD /* AppDelegate.swift in Sources */,
				EE9F40652810165800C749AD /* SceneDelegate.swift in Sources */,
				EEE5EA69281688B30091F119 /* DataProvider.swift in Sources */,
				EE9F40872812896500C749AD /* DetailsViewController.swift in Sources */,
				EE8A5B2628140B6F0011A1D8 /* Constants.swift in Sources */,
				EEE5EA732816A6920091F119 /* DataStateService.swift in Sources */,
			);
			runOnlyForDeploymentPostprocessing = 0;
		};
/* End PBXSourcesBuildPhase section */

/* Begin PBXVariantGroup section */
		EE9F40682810165800C749AD /* Main.storyboard */ = {
			isa = PBXVariantGroup;
			children = (
				EE9F40692810165800C749AD /* Base */,
			);
			name = Main.storyboard;
			sourceTree = "<group>";
		};
		EE9F406D2810165B00C749AD /* LaunchScreen.storyboard */ = {
			isa = PBXVariantGroup;
			children = (
				EE9F406E2810165B00C749AD /* Base */,
			);
			name = LaunchScreen.storyboard;
			sourceTree = "<group>";
		};
/* End PBXVariantGroup section */

/* Begin XCBuildConfiguration section */
		EE9F40712810165B00C749AD /* Debug */ = {
			isa = XCBuildConfiguration;
			buildSettings = {
				ALWAYS_SEARCH_USER_PATHS = NO;
				CLANG_ANALYZER_NONNULL = YES;
				CLANG_ANALYZER_NUMBER_OBJECT_CONVERSION = YES_AGGRESSIVE;
				CLANG_CXX_LANGUAGE_STANDARD = "gnu++17";
				CLANG_ENABLE_MODULES = YES;
				CLANG_ENABLE_OBJC_ARC = YES;
				CLANG_ENABLE_OBJC_WEAK = YES;
				CLANG_WARN_BLOCK_CAPTURE_AUTORELEASING = YES;
				CLANG_WARN_BOOL_CONVERSION = YES;
				CLANG_WARN_COMMA = YES;
				CLANG_WARN_CONSTANT_CONVERSION = YES;
				CLANG_WARN_DEPRECATED_OBJC_IMPLEMENTATIONS = YES;
				CLANG_WARN_DIRECT_OBJC_ISA_USAGE = YES_ERROR;
				CLANG_WARN_DOCUMENTATION_COMMENTS = YES;
				CLANG_WARN_EMPTY_BODY = YES;
				CLANG_WARN_ENUM_CONVERSION = YES;
				CLANG_WARN_INFINITE_RECURSION = YES;
				CLANG_WARN_INT_CONVERSION = YES;
				CLANG_WARN_NON_LITERAL_NULL_CONVERSION = YES;
				CLANG_WARN_OBJC_IMPLICIT_RETAIN_SELF = YES;
				CLANG_WARN_OBJC_LITERAL_CONVERSION = YES;
				CLANG_WARN_OBJC_ROOT_CLASS = YES_ERROR;
				CLANG_WARN_QUOTED_INCLUDE_IN_FRAMEWORK_HEADER = YES;
				CLANG_WARN_RANGE_LOOP_ANALYSIS = YES;
				CLANG_WARN_STRICT_PROTOTYPES = YES;
				CLANG_WARN_SUSPICIOUS_MOVE = YES;
				CLANG_WARN_UNGUARDED_AVAILABILITY = YES_AGGRESSIVE;
				CLANG_WARN_UNREACHABLE_CODE = YES;
				CLANG_WARN__DUPLICATE_METHOD_MATCH = YES;
				COPY_PHASE_STRIP = NO;
				DEBUG_INFORMATION_FORMAT = dwarf;
				ENABLE_STRICT_OBJC_MSGSEND = YES;
				ENABLE_TESTABILITY = YES;
				GCC_C_LANGUAGE_STANDARD = gnu11;
				GCC_DYNAMIC_NO_PIC = NO;
				GCC_NO_COMMON_BLOCKS = YES;
				GCC_OPTIMIZATION_LEVEL = 0;
				GCC_PREPROCESSOR_DEFINITIONS = (
					"DEBUG=1",
					"$(inherited)",
				);
				GCC_WARN_64_TO_32_BIT_CONVERSION = YES;
				GCC_WARN_ABOUT_RETURN_TYPE = YES_ERROR;
				GCC_WARN_UNDECLARED_SELECTOR = YES;
				GCC_WARN_UNINITIALIZED_AUTOS = YES_AGGRESSIVE;
				GCC_WARN_UNUSED_FUNCTION = YES;
				GCC_WARN_UNUSED_VARIABLE = YES;
				IPHONEOS_DEPLOYMENT_TARGET = 15.4;
				MTL_ENABLE_DEBUG_INFO = INCLUDE_SOURCE;
				MTL_FAST_MATH = YES;
				ONLY_ACTIVE_ARCH = YES;
				SDKROOT = iphoneos;
				SWIFT_ACTIVE_COMPILATION_CONDITIONS = DEBUG;
				SWIFT_OPTIMIZATION_LEVEL = "-Onone";
			};
			name = Debug;
		};
		EE9F40722810165B00C749AD /* Release */ = {
			isa = XCBuildConfiguration;
			buildSettings = {
				ALWAYS_SEARCH_USER_PATHS = NO;
				CLANG_ANALYZER_NONNULL = YES;
				CLANG_ANALYZER_NUMBER_OBJECT_CONVERSION = YES_AGGRESSIVE;
				CLANG_CXX_LANGUAGE_STANDARD = "gnu++17";
				CLANG_ENABLE_MODULES = YES;
				CLANG_ENABLE_OBJC_ARC = YES;
				CLANG_ENABLE_OBJC_WEAK = YES;
				CLANG_WARN_BLOCK_CAPTURE_AUTORELEASING = YES;
				CLANG_WARN_BOOL_CONVERSION = YES;
				CLANG_WARN_COMMA = YES;
				CLANG_WARN_CONSTANT_CONVERSION = YES;
				CLANG_WARN_DEPRECATED_OBJC_IMPLEMENTATIONS = YES;
				CLANG_WARN_DIRECT_OBJC_ISA_USAGE = YES_ERROR;
				CLANG_WARN_DOCUMENTATION_COMMENTS = YES;
				CLANG_WARN_EMPTY_BODY = YES;
				CLANG_WARN_ENUM_CONVERSION = YES;
				CLANG_WARN_INFINITE_RECURSION = YES;
				CLANG_WARN_INT_CONVERSION = YES;
				CLANG_WARN_NON_LITERAL_NULL_CONVERSION = YES;
				CLANG_WARN_OBJC_IMPLICIT_RETAIN_SELF = YES;
				CLANG_WARN_OBJC_LITERAL_CONVERSION = YES;
				CLANG_WARN_OBJC_ROOT_CLASS = YES_ERROR;
				CLANG_WARN_QUOTED_INCLUDE_IN_FRAMEWORK_HEADER = YES;
				CLANG_WARN_RANGE_LOOP_ANALYSIS = YES;
				CLANG_WARN_STRICT_PROTOTYPES = YES;
				CLANG_WARN_SUSPICIOUS_MOVE = YES;
				CLANG_WARN_UNGUARDED_AVAILABILITY = YES_AGGRESSIVE;
				CLANG_WARN_UNREACHABLE_CODE = YES;
				CLANG_WARN__DUPLICATE_METHOD_MATCH = YES;
				COPY_PHASE_STRIP = NO;
				DEBUG_INFORMATION_FORMAT = "dwarf-with-dsym";
				ENABLE_NS_ASSERTIONS = NO;
				ENABLE_STRICT_OBJC_MSGSEND = YES;
				GCC_C_LANGUAGE_STANDARD = gnu11;
				GCC_NO_COMMON_BLOCKS = YES;
				GCC_WARN_64_TO_32_BIT_CONVERSION = YES;
				GCC_WARN_ABOUT_RETURN_TYPE = YES_ERROR;
				GCC_WARN_UNDECLARED_SELECTOR = YES;
				GCC_WARN_UNINITIALIZED_AUTOS = YES_AGGRESSIVE;
				GCC_WARN_UNUSED_FUNCTION = YES;
				GCC_WARN_UNUSED_VARIABLE = YES;
				IPHONEOS_DEPLOYMENT_TARGET = 15.4;
				MTL_ENABLE_DEBUG_INFO = NO;
				MTL_FAST_MATH = YES;
				SDKROOT = iphoneos;
				SWIFT_COMPILATION_MODE = wholemodule;
				SWIFT_OPTIMIZATION_LEVEL = "-O";
				VALIDATE_PRODUCT = YES;
			};
			name = Release;
		};
		EE9F40742810165B00C749AD /* Debug */ = {
			isa = XCBuildConfiguration;
			buildSettings = {
				ASSETCATALOG_COMPILER_APPICON_NAME = AppIcon;
				ASSETCATALOG_COMPILER_GLOBAL_ACCENT_COLOR_NAME = AccentColor;
				CODE_SIGN_IDENTITY = "Apple Development";
				CODE_SIGN_STYLE = Automatic;
				CURRENT_PROJECT_VERSION = 1;
				DEVELOPMENT_TEAM = GMLK4RZG4G;
				GENERATE_INFOPLIST_FILE = YES;
				INFOPLIST_FILE = PhoneBook/Info.plist;
				INFOPLIST_KEY_UIApplicationSupportsIndirectInputEvents = YES;
				INFOPLIST_KEY_UILaunchStoryboardName = LaunchScreen;
				INFOPLIST_KEY_UIMainStoryboardFile = Main;
				INFOPLIST_KEY_UISupportedInterfaceOrientations_iPad = "UIInterfaceOrientationPortrait UIInterfaceOrientationPortraitUpsideDown UIInterfaceOrientationLandscapeLeft UIInterfaceOrientationLandscapeRight";
				INFOPLIST_KEY_UISupportedInterfaceOrientations_iPhone = "UIInterfaceOrientationPortrait UIInterfaceOrientationLandscapeLeft UIInterfaceOrientationLandscapeRight";
				IPHONEOS_DEPLOYMENT_TARGET = 13.3;
				LD_RUNPATH_SEARCH_PATHS = (
					"$(inherited)",
					"@executable_path/Frameworks",
				);
				MARKETING_VERSION = 1.0;
				PRODUCT_BUNDLE_IDENTIFIER = radik.PhoneBook;
				PRODUCT_NAME = "$(TARGET_NAME)";
				PROVISIONING_PROFILE_SPECIFIER = "";
				SWIFT_EMIT_LOC_STRINGS = YES;
				SWIFT_VERSION = 5.0;
				TARGETED_DEVICE_FAMILY = 1;
			};
			name = Debug;
		};
		EE9F40752810165B00C749AD /* Release */ = {
			isa = XCBuildConfiguration;
			buildSettings = {
				ASSETCATALOG_COMPILER_APPICON_NAME = AppIcon;
				ASSETCATALOG_COMPILER_GLOBAL_ACCENT_COLOR_NAME = AccentColor;
				CODE_SIGN_IDENTITY = "Apple Development";
				CODE_SIGN_STYLE = Automatic;
				CURRENT_PROJECT_VERSION = 1;
				DEVELOPMENT_TEAM = GMLK4RZG4G;
				GENERATE_INFOPLIST_FILE = YES;
				INFOPLIST_FILE = PhoneBook/Info.plist;
				INFOPLIST_KEY_UIApplicationSupportsIndirectInputEvents = YES;
				INFOPLIST_KEY_UILaunchStoryboardName = LaunchScreen;
				INFOPLIST_KEY_UIMainStoryboardFile = Main;
				INFOPLIST_KEY_UISupportedInterfaceOrientations_iPad = "UIInterfaceOrientationPortrait UIInterfaceOrientationPortraitUpsideDown UIInterfaceOrientationLandscapeLeft UIInterfaceOrientationLandscapeRight";
				INFOPLIST_KEY_UISupportedInterfaceOrientations_iPhone = "UIInterfaceOrientationPortrait UIInterfaceOrientationLandscapeLeft UIInterfaceOrientationLandscapeRight";
				IPHONEOS_DEPLOYMENT_TARGET = 13.3;
				LD_RUNPATH_SEARCH_PATHS = (
					"$(inherited)",
					"@executable_path/Frameworks",
				);
				MARKETING_VERSION = 1.0;
				PRODUCT_BUNDLE_IDENTIFIER = radik.PhoneBook;
				PRODUCT_NAME = "$(TARGET_NAME)";
				PROVISIONING_PROFILE_SPECIFIER = "";
				SWIFT_EMIT_LOC_STRINGS = YES;
				SWIFT_VERSION = 5.0;
				TARGETED_DEVICE_FAMILY = 1;
			};
			name = Release;
		};
/* End XCBuildConfiguration section */

/* Begin XCConfigurationList section */
		EE9F405A2810165800C749AD /* Build configuration list for PBXProject "PhoneBook" */ = {
			isa = XCConfigurationList;
			buildConfigurations = (
				EE9F40712810165B00C749AD /* Debug */,
				EE9F40722810165B00C749AD /* Release */,
			);
			defaultConfigurationIsVisible = 0;
			defaultConfigurationName = Release;
		};
		EE9F40732810165B00C749AD /* Build configuration list for PBXNativeTarget "PhoneBook" */ = {
			isa = XCConfigurationList;
			buildConfigurations = (
				EE9F40742810165B00C749AD /* Debug */,
				EE9F40752810165B00C749AD /* Release */,
			);
			defaultConfigurationIsVisible = 0;
			defaultConfigurationName = Release;
		};
/* End XCConfigurationList section */

/* Begin XCRemoteSwiftPackageReference section */
		EEE5EA7E2816D75A0091F119 /* XCRemoteSwiftPackageReference "GRDB.swift" */ = {
			isa = XCRemoteSwiftPackageReference;
			repositoryURL = "https://github.com/groue/GRDB.swift.git";
			requirement = {
				branch = master;
				kind = branch;
			};
		};
/* End XCRemoteSwiftPackageReference section */

/* Begin XCSwiftPackageProductDependency section */
		EEE5EA7F2816D75B0091F119 /* GRDB */ = {
			isa = XCSwiftPackageProductDependency;
			package = EEE5EA7E2816D75A0091F119 /* XCRemoteSwiftPackageReference "GRDB.swift" */;
			productName = GRDB;
		};
/* End XCSwiftPackageProductDependency section */
	};
	rootObject = EE9F40572810165800C749AD /* Project object */;
}
